{
    "_meta": {
        "hash": {
            "sha256": "70126c8ba3509a902b0b23ca7283fda99ffb17b5406d9ae9fa796a6af4df4521"
        },
        "pipfile-spec": 6,
        "requires": {
            "python_version": "3.11"
        },
        "sources": [
            {
                "name": "pypi",
                "url": "https://pypi.org/simple",
                "verify_ssl": true
            }
        ]
    },
    "default": {
        "colorzero": {
            "hashes": [
                "sha256:0e60d743a6b8071498a56465f7719c96a5e92928f858bab1be2a0d606c9aa0f8",
                "sha256:e7d5a5c26cd0dc37b164ebefc609f388de24f8593b659191e12d85f8f9d5eb58"
            ],
            "version": "==2.0"
        },
        "gpiozero": {
            "hashes": [
                "sha256:0eb95a9db372146813276f92de7f43c883a3e9fe69597fc3d29c04ef3d5d5f9e",
                "sha256:9af00b90d4fa775aa1fc023363e4aa5539844a5b0c461be5ced5cfabba364d99"
            ],
            "index": "pypi",
            "version": "==1.6.2"
        },
        "setuptools": {
            "hashes": [
                "sha256:16ccf598aab3b506593c17378473978908a2734d7336755a8769b480906bec1c",
                "sha256:b440ee5f7e607bb8c9de15259dba2583dd41a38879a7abc1d43a71c59524da48"
            ],
            "markers": "python_version >= '3.7'",
            "version": "==67.2.0"
        }
    },
    "develop": {}
}
